
Microsoft Visual Studio Solution File, Format Version 12.00
# Visual Studio Version 17
VisualStudioVersion = 17.4.33213.308
MinimumVisualStudioVersion = 10.0.40219.1
Project("{FAE04EC0-301F-11D3-BF4B-00C04F79EFBC}") = "ShapeStrategizing", "ShapeStrategizing\ShapeStrategizing.csproj", "{F08F2BF1-61F8-4445-A3CC-A45945039E2B}"
EndProject
Global
	GlobalSection(SolutionConfigurationPlatforms) = preSolution
		Debug|Any CPU = Debug|Any CPU
		Release|Any CPU = Release|Any CPU
	EndGlobalSection
	GlobalSection(ProjectConfigurationPlatforms) = postSolution
		{F08F2BF1-61F8-4445-A3CC-A45945039E2B}.Debug|Any CPU.ActiveCfg = Debug|Any CPU
		{F08F2BF1-61F8-4445-A3CC-A45945039E2B}.Debug|Any CPU.Build.0 = Debug|Any CPU
		{F08F2BF1-61F8-4445-A3CC-A45945039E2B}.Release|Any CPU.ActiveCfg = Release|Any CPU
		{F08F2BF1-61F8-4445-A3CC-A45945039E2B}.Release|Any CPU.Build.0 = Release|Any CPU
	EndGlobalSection
	GlobalSection(SolutionProperties) = preSolution
		HideSolutionNode = FALSE
	EndGlobalSection
	GlobalSection(ExtensibilityGlobals) = postSolution
		SolutionGuid = {3303810E-DA3D-4537-A1BE-3B65F00D35A1}
	EndGlobalSection
EndGlobal
